
Microsoft Visual Studio Solution File, Format Version 12.00
# Visual Studio 15
VisualStudioVersion = 15.0.28307.168
MinimumVisualStudioVersion = 10.0.40219.1
Project("{FAE04EC0-301F-11D3-BF4B-00C04F79EFBC}") = "ScraperTest", "ScraperTest\ScraperTest.csproj", "{EB17DDE0-F566-490A-B775-937D269FFE27}"
EndProject
Global
	GlobalSection(SolutionConfigurationPlatforms) = preSolution
		Debug|Any CPU = Debug|Any CPU
		Release|Any CPU = Release|Any CPU
	EndGlobalSection
	GlobalSection(ProjectConfigurationPlatforms) = postSolution
		{EB17DDE0-F566-490A-B775-937D269FFE27}.Debug|Any CPU.ActiveCfg = Debug|Any CPU
		{EB17DDE0-F566-490A-B775-937D269FFE27}.Debug|Any CPU.Build.0 = Debug|Any CPU
		{EB17DDE0-F566-490A-B775-937D269FFE27}.Release|Any CPU.ActiveCfg = Release|Any CPU
		{EB17DDE0-F566-490A-B775-937D269FFE27}.Release|Any CPU.Build.0 = Release|Any CPU
	EndGlobalSection
	GlobalSection(SolutionProperties) = preSolution
		HideSolutionNode = FALSE
	EndGlobalSection
	GlobalSection(ExtensibilityGlobals) = postSolution
		SolutionGuid = {F4F1BB06-6331-4AEB-B46F-5FD24A9563DA}
	EndGlobalSection
EndGlobal
